// !$*UTF8*$!
{
	archiveVersion = 1;
	classes = {
	};
	objectVersion = 55;
	objects = {

/* Begin PBXBuildFile section */
		7523AD17276DC1B900BFFA2E /* AppDelegate.swift in Sources */ = {isa = PBXBuildFile; fileRef = 7523AD16276DC1B900BFFA2E /* AppDelegate.swift */; };
		7523AD19276DC1B900BFFA2E /* SceneDelegate.swift in Sources */ = {isa = PBXBuildFile; fileRef = 7523AD18276DC1B900BFFA2E /* SceneDelegate.swift */; };
		7523AD1B276DC1B900BFFA2E /* ViewController.swift in Sources */ = {isa = PBXBuildFile; fileRef = 7523AD1A276DC1B900BFFA2E /* ViewController.swift */; };
		7523AD1E276DC1B900BFFA2E /* Main.storyboard in Resources */ = {isa = PBXBuildFile; fileRef = 7523AD1C276DC1B900BFFA2E /* Main.storyboard */; };
		7523AD21276DC1B900BFFA2E /* SheoDayKeychainPres.xcdatamodeld in Sources */ = {isa = PBXBuildFile; fileRef = 7523AD1F276DC1B900BFFA2E /* SheoDayKeychainPres.xcdatamodeld */; };
		7523AD23276DC1BC00BFFA2E /* Assets.xcassets in Resources */ = {isa = PBXBuildFile; fileRef = 7523AD22276DC1BC00BFFA2E /* Assets.xcassets */; };
		7523AD26276DC1BC00BFFA2E /* LaunchScreen.storyboard in Resources */ = {isa = PBXBuildFile; fileRef = 7523AD24276DC1BC00BFFA2E /* LaunchScreen.storyboard */; };
		7523AD31276DC1BC00BFFA2E /* SheoDayKeychainPresTests.swift in Sources */ = {isa = PBXBuildFile; fileRef = 7523AD30276DC1BC00BFFA2E /* SheoDayKeychainPresTests.swift */; };
		7523AD3B276DC1BC00BFFA2E /* SheoDayKeychainPresUITests.swift in Sources */ = {isa = PBXBuildFile; fileRef = 7523AD3A276DC1BC00BFFA2E /* SheoDayKeychainPresUITests.swift */; };
		7523AD3D276DC1BC00BFFA2E /* SheoDayKeychainPresUITestsLaunchTests.swift in Sources */ = {isa = PBXBuildFile; fileRef = 7523AD3C276DC1BC00BFFA2E /* SheoDayKeychainPresUITestsLaunchTests.swift */; };
		7523AD4A276DC3D800BFFA2E /* CreerViewController.swift in Sources */ = {isa = PBXBuildFile; fileRef = 7523AD49276DC3D800BFFA2E /* CreerViewController.swift */; };
		7523AD4C276DC3FE00BFFA2E /* AfficherViewController.swift in Sources */ = {isa = PBXBuildFile; fileRef = 7523AD4B276DC3FE00BFFA2E /* AfficherViewController.swift */; };
		7523AD4E276DC41A00BFFA2E /* SupprimerViewController.swift in Sources */ = {isa = PBXBuildFile; fileRef = 7523AD4D276DC41A00BFFA2E /* SupprimerViewController.swift */; };
		7523AD50276DC42900BFFA2E /* MAJViewController.swift in Sources */ = {isa = PBXBuildFile; fileRef = 7523AD4F276DC42900BFFA2E /* MAJViewController.swift */; };
/* End PBXBuildFile section */

/* Begin PBXContainerItemProxy section */
		7523AD2D276DC1BC00BFFA2E /* PBXContainerItemProxy */ = {
			isa = PBXContainerItemProxy;
			containerPortal = 7523AD0B276DC1B900BFFA2E /* Project object */;
			proxyType = 1;
			remoteGlobalIDString = 7523AD12276DC1B900BFFA2E;
			remoteInfo = SheoDayKeychainPres;
		};
		7523AD37276DC1BC00BFFA2E /* PBXContainerItemProxy */ = {
			isa = PBXContainerItemProxy;
			containerPortal = 7523AD0B276DC1B900BFFA2E /* Project object */;
			proxyType = 1;
			remoteGlobalIDString = 7523AD12276DC1B900BFFA2E;
			remoteInfo = SheoDayKeychainPres;
		};
/* End PBXContainerItemProxy section */

/* Begin PBXFileReference section */
		7523AD13276DC1B900BFFA2E /* SheoDayKeychainPres.app */ = {isa = PBXFileReference; explicitFileType = wrapper.application; includeInIndex = 0; path = SheoDayKeychainPres.app; sourceTree = BUILT_PRODUCTS_DIR; };
		7523AD16276DC1B900BFFA2E /* AppDelegate.swift */ = {isa = PBXFileReference; lastKnownFileType = sourcecode.swift; path = AppDelegate.swift; sourceTree = "<group>"; };
		7523AD18276DC1B900BFFA2E /* SceneDelegate.swift */ = {isa = PBXFileReference; lastKnownFileType = sourcecode.swift; path = SceneDelegate.swift; sourceTree = "<group>"; };
		7523AD1A276DC1B900BFFA2E /* ViewController.swift */ = {isa = PBXFileReference; lastKnownFileType = sourcecode.swift; path = ViewController.swift; sourceTree = "<group>"; };
		7523AD1D276DC1B900BFFA2E /* Base */ = {isa = PBXFileReference; lastKnownFileType = file.storyboard; name = Base; path = Base.lproj/Main.storyboard; sourceTree = "<group>"; };
		7523AD20276DC1B900BFFA2E /* SheoDayKeychainPres.xcdatamodel */ = {isa = PBXFileReference; lastKnownFileType = wrapper.xcdatamodel; path = SheoDayKeychainPres.xcdatamodel; sourceTree = "<group>"; };
		7523AD22276DC1BC00BFFA2E /* Assets.xcassets */ = {isa = PBXFileReference; lastKnownFileType = folder.assetcatalog; path = Assets.xcassets; sourceTree = "<group>"; };
		7523AD25276DC1BC00BFFA2E /* Base */ = {isa = PBXFileReference; lastKnownFileType = file.storyboard; name = Base; path = Base.lproj/LaunchScreen.storyboard; sourceTree = "<group>"; };
		7523AD27276DC1BC00BFFA2E /* Info.plist */ = {isa = PBXFileReference; lastKnownFileType = text.plist.xml; path = Info.plist; sourceTree = "<group>"; };
		7523AD2C276DC1BC00BFFA2E /* SheoDayKeychainPresTests.xctest */ = {isa = PBXFileReference; explicitFileType = wrapper.cfbundle; includeInIndex = 0; path = SheoDayKeychainPresTests.xctest; sourceTree = BUILT_PRODUCTS_DIR; };
		7523AD30276DC1BC00BFFA2E /* SheoDayKeychainPresTests.swift */ = {isa = PBXFileReference; lastKnownFileType = sourcecode.swift; path = SheoDayKeychainPresTests.swift; sourceTree = "<group>"; };
		7523AD36276DC1BC00BFFA2E /* SheoDayKeychainPresUITests.xctest */ = {isa = PBXFileReference; explicitFileType = wrapper.cfbundle; includeInIndex = 0; path = SheoDayKeychainPresUITests.xctest; sourceTree = BUILT_PRODUCTS_DIR; };
		7523AD3A276DC1BC00BFFA2E /* SheoDayKeychainPresUITests.swift */ = {isa = PBXFileReference; lastKnownFileType = sourcecode.swift; path = SheoDayKeychainPresUITests.swift; sourceTree = "<group>"; };
		7523AD3C276DC1BC00BFFA2E /* SheoDayKeychainPresUITestsLaunchTests.swift */ = {isa = PBXFileReference; lastKnownFileType = sourcecode.swift; path = SheoDayKeychainPresUITestsLaunchTests.swift; sourceTree = "<group>"; };
		7523AD49276DC3D800BFFA2E /* CreerViewController.swift */ = {isa = PBXFileReference; lastKnownFileType = sourcecode.swift; path = CreerViewController.swift; sourceTree = "<group>"; };
		7523AD4B276DC3FE00BFFA2E /* AfficherViewController.swift */ = {isa = PBXFileReference; lastKnownFileType = sourcecode.swift; path = AfficherViewController.swift; sourceTree = "<group>"; };
		7523AD4D276DC41A00BFFA2E /* SupprimerViewController.swift */ = {isa = PBXFileReference; lastKnownFileType = sourcecode.swift; path = SupprimerViewController.swift; sourceTree = "<group>"; };
		7523AD4F276DC42900BFFA2E /* MAJViewController.swift */ = {isa = PBXFileReference; lastKnownFileType = sourcecode.swift; path = MAJViewController.swift; sourceTree = "<group>"; };
/* End PBXFileReference section */

/* Begin PBXFrameworksBuildPhase section */
		7523AD10276DC1B900BFFA2E /* Frameworks */ = {
			isa = PBXFrameworksBuildPhase;
			buildActionMask = 2147483647;
			files = (
			);
			runOnlyForDeploymentPostprocessing = 0;
		};
		7523AD29276DC1BC00BFFA2E /* Frameworks */ = {
			isa = PBXFrameworksBuildPhase;
			buildActionMask = 2147483647;
			files = (
			);
			runOnlyForDeploymentPostprocessing = 0;
		};
		7523AD33276DC1BC00BFFA2E /* Frameworks */ = {
			isa = PBXFrameworksBuildPhase;
			buildActionMask = 2147483647;
			files = (
			);
			runOnlyForDeploymentPostprocessing = 0;
		};
/* End PBXFrameworksBuildPhase section */

/* Begin PBXGroup section */
		7523AD0A276DC1B900BFFA2E = {
			isa = PBXGroup;
			children = (
				7523AD15276DC1B900BFFA2E /* SheoDayKeychainPres */,
				7523AD2F276DC1BC00BFFA2E /* SheoDayKeychainPresTests */,
				7523AD39276DC1BC00BFFA2E /* SheoDayKeychainPresUITests */,
				7523AD14276DC1B900BFFA2E /* Products */,
			);
			sourceTree = "<group>";
		};
		7523AD14276DC1B900BFFA2E /* Products */ = {
			isa = PBXGroup;
			children = (
				7523AD13276DC1B900BFFA2E /* SheoDayKeychainPres.app */,
				7523AD2C276DC1BC00BFFA2E /* SheoDayKeychainPresTests.xctest */,
				7523AD36276DC1BC00BFFA2E /* SheoDayKeychainPresUITests.xctest */,
			);
			name = Products;
			sourceTree = "<group>";
		};
		7523AD15276DC1B900BFFA2E /* SheoDayKeychainPres */ = {
			isa = PBXGroup;
			children = (
				7523AD16276DC1B900BFFA2E /* AppDelegate.swift */,
				7523AD18276DC1B900BFFA2E /* SceneDelegate.swift */,
				7523AD1A276DC1B900BFFA2E /* ViewController.swift */,
				7523AD49276DC3D800BFFA2E /* CreerViewController.swift */,
				7523AD4B276DC3FE00BFFA2E /* AfficherViewController.swift */,
				7523AD4D276DC41A00BFFA2E /* SupprimerViewController.swift */,
				7523AD4F276DC42900BFFA2E /* MAJViewController.swift */,
				7523AD1C276DC1B900BFFA2E /* Main.storyboard */,
				7523AD22276DC1BC00BFFA2E /* Assets.xcassets */,
				7523AD24276DC1BC00BFFA2E /* LaunchScreen.storyboard */,
				7523AD27276DC1BC00BFFA2E /* Info.plist */,
				7523AD1F276DC1B900BFFA2E /* SheoDayKeychainPres.xcdatamodeld */,
			);
			path = SheoDayKeychainPres;
			sourceTree = "<group>";
		};
		7523AD2F276DC1BC00BFFA2E /* SheoDayKeychainPresTests */ = {
			isa = PBXGroup;
			children = (
				7523AD30276DC1BC00BFFA2E /* SheoDayKeychainPresTests.swift */,
			);
			path = SheoDayKeychainPresTests;
			sourceTree = "<group>";
		};
		7523AD39276DC1BC00BFFA2E /* SheoDayKeychainPresUITests */ = {
			isa = PBXGroup;
			children = (
				7523AD3A276DC1BC00BFFA2E /* SheoDayKeychainPresUITests.swift */,
				7523AD3C276DC1BC00BFFA2E /* SheoDayKeychainPresUITestsLaunchTests.swift */,
			);
			path = SheoDayKeychainPresUITests;
			sourceTree = "<group>";
		};
/* End PBXGroup section */

/* Begin PBXNativeTarget section */
		7523AD12276DC1B900BFFA2E /* SheoDayKeychainPres */ = {
			isa = PBXNativeTarget;
			buildConfigurationList = 7523AD40276DC1BC00BFFA2E /* Build configuration list for PBXNativeTarget "SheoDayKeychainPres" */;
			buildPhases = (
				7523AD0F276DC1B900BFFA2E /* Sources */,
				7523AD10276DC1B900BFFA2E /* Frameworks */,
				7523AD11276DC1B900BFFA2E /* Resources */,
			);
			buildRules = (
			);
			dependencies = (
			);
			name = SheoDayKeychainPres;
			productName = SheoDayKeychainPres;
			productReference = 7523AD13276DC1B900BFFA2E /* SheoDayKeychainPres.app */;
			productType = "com.apple.product-type.application";
		};
		7523AD2B276DC1BC00BFFA2E /* SheoDayKeychainPresTests */ = {
			isa = PBXNativeTarget;
			buildConfigurationList = 7523AD43276DC1BC00BFFA2E /* Build configuration list for PBXNativeTarget "SheoDayKeychainPresTests" */;
			buildPhases = (
				7523AD28276DC1BC00BFFA2E /* Sources */,
				7523AD29276DC1BC00BFFA2E /* Frameworks */,
				7523AD2A276DC1BC00BFFA2E /* Resources */,
			);
			buildRules = (
			);
			dependencies = (
				7523AD2E276DC1BC00BFFA2E /* PBXTargetDependency */,
			);
			name = SheoDayKeychainPresTests;
			productName = SheoDayKeychainPresTests;
			productReference = 7523AD2C276DC1BC00BFFA2E /* SheoDayKeychainPresTests.xctest */;
			productType = "com.apple.product-type.bundle.unit-test";
		};
		7523AD35276DC1BC00BFFA2E /* SheoDayKeychainPresUITests */ = {
			isa = PBXNativeTarget;
			buildConfigurationList = 7523AD46276DC1BC00BFFA2E /* Build configuration list for PBXNativeTarget "SheoDayKeychainPresUITests" */;
			buildPhases = (
				7523AD32276DC1BC00BFFA2E /* Sources */,
				7523AD33276DC1BC00BFFA2E /* Frameworks */,
				7523AD34276DC1BC00BFFA2E /* Resources */,
			);
			buildRules = (
			);
			dependencies = (
				7523AD38276DC1BC00BFFA2E /* PBXTargetDependency */,
			);
			name = SheoDayKeychainPresUITests;
			productName = SheoDayKeychainPresUITests;
			productReference = 7523AD36276DC1BC00BFFA2E /* SheoDayKeychainPresUITests.xctest */;
			productType = "com.apple.product-type.bundle.ui-testing";
		};
/* End PBXNativeTarget section */

/* Begin PBXProject section */
		7523AD0B276DC1B900BFFA2E /* Project object */ = {
			isa = PBXProject;
			attributes = {
				BuildIndependentTargetsInParallel = 1;
				LastSwiftUpdateCheck = 1310;
				LastUpgradeCheck = 1310;
				TargetAttributes = {
					7523AD12276DC1B900BFFA2E = {
						CreatedOnToolsVersion = 13.1;
					};
					7523AD2B276DC1BC00BFFA2E = {
						CreatedOnToolsVersion = 13.1;
						TestTargetID = 7523AD12276DC1B900BFFA2E;
					};
					7523AD35276DC1BC00BFFA2E = {
						CreatedOnToolsVersion = 13.1;
						TestTargetID = 7523AD12276DC1B900BFFA2E;
					};
				};
			};
			buildConfigurationList = 7523AD0E276DC1B900BFFA2E /* Build configuration list for PBXProject "SheoDayKeychainPres" */;
			compatibilityVersion = "Xcode 13.0";
			developmentRegion = en;
			hasScannedForEncodings = 0;
			knownRegions = (
				en,
				Base,
			);
			mainGroup = 7523AD0A276DC1B900BFFA2E;
			productRefGroup = 7523AD14276DC1B900BFFA2E /* Products */;
			projectDirPath = "";
			projectRoot = "";
			targets = (
				7523AD12276DC1B900BFFA2E /* SheoDayKeychainPres */,
				7523AD2B276DC1BC00BFFA2E /* SheoDayKeychainPresTests */,
				7523AD35276DC1BC00BFFA2E /* SheoDayKeychainPresUITests */,
			);
		};
/* End PBXProject section */

/* Begin PBXResourcesBuildPhase section */
		7523AD11276DC1B900BFFA2E /* Resources */ = {
			isa = PBXResourcesBuildPhase;
			buildActionMask = 2147483647;
			files = (
				7523AD26276DC1BC00BFFA2E /* LaunchScreen.storyboard in Resources */,
				7523AD23276DC1BC00BFFA2E /* Assets.xcassets in Resources */,
				7523AD1E276DC1B900BFFA2E /* Main.storyboard in Resources */,
			);
			runOnlyForDeploymentPostprocessing = 0;
		};
		7523AD2A276DC1BC00BFFA2E /* Resources */ = {
			isa = PBXResourcesBuildPhase;
			buildActionMask = 2147483647;
			files = (
			);
			runOnlyForDeploymentPostprocessing = 0;
		};
		7523AD34276DC1BC00BFFA2E /* Resources */ = {
			isa = PBXResourcesBuildPhase;
			buildActionMask = 2147483647;
			files = (
			);
			runOnlyForDeploymentPostprocessing = 0;
		};
/* End PBXResourcesBuildPhase section */

/* Begin PBXSourcesBuildPhase section */
		7523AD0F276DC1B900BFFA2E /* Sources */ = {
			isa = PBXSourcesBuildPhase;
			buildActionMask = 2147483647;
			files = (
				7523AD4E276DC41A00BFFA2E /* SupprimerViewController.swift in Sources */,
				7523AD50276DC42900BFFA2E /* MAJViewController.swift in Sources */,
				7523AD1B276DC1B900BFFA2E /* ViewController.swift in Sources */,
				7523AD17276DC1B900BFFA2E /* AppDelegate.swift in Sources */,
				7523AD21276DC1B900BFFA2E /* SheoDayKeychainPres.xcdatamodeld in Sources */,
				7523AD19276DC1B900BFFA2E /* SceneDelegate.swift in Sources */,
				7523AD4C276DC3FE00BFFA2E /* AfficherViewController.swift in Sources */,
				7523AD4A276DC3D800BFFA2E /* CreerViewController.swift in Sources */,
			);
			runOnlyForDeploymentPostprocessing = 0;
		};
		7523AD28276DC1BC00BFFA2E /* Sources */ = {
			isa = PBXSourcesBuildPhase;
			buildActionMask = 2147483647;
			files = (
				7523AD31276DC1BC00BFFA2E /* SheoDayKeychainPresTests.swift in Sources */,
			);
			runOnlyForDeploymentPostprocessing = 0;
		};
		7523AD32276DC1BC00BFFA2E /* Sources */ = {
			isa = PBXSourcesBuildPhase;
			buildActionMask = 2147483647;
			files = (
				7523AD3D276DC1BC00BFFA2E /* SheoDayKeychainPresUITestsLaunchTests.swift in Sources */,
				7523AD3B276DC1BC00BFFA2E /* SheoDayKeychainPresUITests.swift in Sources */,
			);
			runOnlyForDeploymentPostprocessing = 0;
		};
/* End PBXSourcesBuildPhase section */

/* Begin PBXTargetDependency section */
		7523AD2E276DC1BC00BFFA2E /* PBXTargetDependency */ = {
			isa = PBXTargetDependency;
			target = 7523AD12276DC1B900BFFA2E /* SheoDayKeychainPres */;
			targetProxy = 7523AD2D276DC1BC00BFFA2E /* PBXContainerItemProxy */;
		};
		7523AD38276DC1BC00BFFA2E /* PBXTargetDependency */ = {
			isa = PBXTargetDependency;
			target = 7523AD12276DC1B900BFFA2E /* SheoDayKeychainPres */;
			targetProxy = 7523AD37276DC1BC00BFFA2E /* PBXContainerItemProxy */;
		};
/* End PBXTargetDependency section */

/* Begin PBXVariantGroup section */
		7523AD1C276DC1B900BFFA2E /* Main.storyboard */ = {
			isa = PBXVariantGroup;
			children = (
				7523AD1D276DC1B900BFFA2E /* Base */,
			);
			name = Main.storyboard;
			sourceTree = "<group>";
		};
		7523AD24276DC1BC00BFFA2E /* LaunchScreen.storyboard */ = {
			isa = PBXVariantGroup;
			children = (
				7523AD25276DC1BC00BFFA2E /* Base */,
			);
			name = LaunchScreen.storyboard;
			sourceTree = "<group>";
		};
/* End PBXVariantGroup section */

/* Begin XCBuildConfiguration section */
		7523AD3E276DC1BC00BFFA2E /* Debug */ = {
			isa = XCBuildConfiguration;
			buildSettings = {
				ALWAYS_SEARCH_USER_PATHS = NO;
				CLANG_ANALYZER_NONNULL = YES;
				CLANG_ANALYZER_NUMBER_OBJECT_CONVERSION = YES_AGGRESSIVE;
				CLANG_CXX_LANGUAGE_STANDARD = "gnu++17";
				CLANG_CXX_LIBRARY = "libc++";
				CLANG_ENABLE_MODULES = YES;
				CLANG_ENABLE_OBJC_ARC = YES;
				CLANG_ENABLE_OBJC_WEAK = YES;
				CLANG_WARN_BLOCK_CAPTURE_AUTORELEASING = YES;
				CLANG_WARN_BOOL_CONVERSION = YES;
				CLANG_WARN_COMMA = YES;
				CLANG_WARN_CONSTANT_CONVERSION = YES;
				CLANG_WARN_DEPRECATED_OBJC_IMPLEMENTATIONS = YES;
				CLANG_WARN_DIRECT_OBJC_ISA_USAGE = YES_ERROR;
				CLANG_WARN_DOCUMENTATION_COMMENTS = YES;
				CLANG_WARN_EMPTY_BODY = YES;
				CLANG_WARN_ENUM_CONVERSION = YES;
				CLANG_WARN_INFINITE_RECURSION = YES;
				CLANG_WARN_INT_CONVERSION = YES;
				CLANG_WARN_NON_LITERAL_NULL_CONVERSION = YES;
				CLANG_WARN_OBJC_IMPLICIT_RETAIN_SELF = YES;
				CLANG_WARN_OBJC_LITERAL_CONVERSION = YES;
				CLANG_WARN_OBJC_ROOT_CLASS = YES_ERROR;
				CLANG_WARN_QUOTED_INCLUDE_IN_FRAMEWORK_HEADER = YES;
				CLANG_WARN_RANGE_LOOP_ANALYSIS = YES;
				CLANG_WARN_STRICT_PROTOTYPES = YES;
				CLANG_WARN_SUSPICIOUS_MOVE = YES;
				CLANG_WARN_UNGUARDED_AVAILABILITY = YES_AGGRESSIVE;
				CLANG_WARN_UNREACHABLE_CODE = YES;
				CLANG_WARN__DUPLICATE_METHOD_MATCH = YES;
				COPY_PHASE_STRIP = NO;
				DEBUG_INFORMATION_FORMAT = dwarf;
				ENABLE_STRICT_OBJC_MSGSEND = YES;
				ENABLE_TESTABILITY = YES;
				GCC_C_LANGUAGE_STANDARD = gnu11;
				GCC_DYNAMIC_NO_PIC = NO;
				GCC_NO_COMMON_BLOCKS = YES;
				GCC_OPTIMIZATION_LEVEL = 0;
				GCC_PREPROCESSOR_DEFINITIONS = (
					"DEBUG=1",
					"$(inherited)",
				);
				GCC_WARN_64_TO_32_BIT_CONVERSION = YES;
				GCC_WARN_ABOUT_RETURN_TYPE = YES_ERROR;
				GCC_WARN_UNDECLARED_SELECTOR = YES;
				GCC_WARN_UNINITIALIZED_AUTOS = YES_AGGRESSIVE;
				GCC_WARN_UNUSED_FUNCTION = YES;
				GCC_WARN_UNUSED_VARIABLE = YES;
				IPHONEOS_DEPLOYMENT_TARGET = 15.0;
				MTL_ENABLE_DEBUG_INFO = INCLUDE_SOURCE;
				MTL_FAST_MATH = YES;
				ONLY_ACTIVE_ARCH = YES;
				SDKROOT = iphoneos;
				SWIFT_ACTIVE_COMPILATION_CONDITIONS = DEBUG;
				SWIFT_OPTIMIZATION_LEVEL = "-Onone";
			};
			name = Debug;
		};
		7523AD3F276DC1BC00BFFA2E /* Release */ = {
			isa = XCBuildConfiguration;
			buildSettings = {
				ALWAYS_SEARCH_USER_PATHS = NO;
				CLANG_ANALYZER_NONNULL = YES;
				CLANG_ANALYZER_NUMBER_OBJECT_CONVERSION = YES_AGGRESSIVE;
				CLANG_CXX_LANGUAGE_STANDARD = "gnu++17";
				CLANG_CXX_LIBRARY = "libc++";
				CLANG_ENABLE_MODULES = YES;
				CLANG_ENABLE_OBJC_ARC = YES;
				CLANG_ENABLE_OBJC_WEAK = YES;
				CLANG_WARN_BLOCK_CAPTURE_AUTORELEASING = YES;
				CLANG_WARN_BOOL_CONVERSION = YES;
				CLANG_WARN_COMMA = YES;
				CLANG_WARN_CONSTANT_CONVERSION = YES;
				CLANG_WARN_DEPRECATED_OBJC_IMPLEMENTATIONS = YES;
				CLANG_WARN_DIRECT_OBJC_ISA_USAGE = YES_ERROR;
				CLANG_WARN_DOCUMENTATION_COMMENTS = YES;
				CLANG_WARN_EMPTY_BODY = YES;
				CLANG_WARN_ENUM_CONVERSION = YES;
				CLANG_WARN_INFINITE_RECURSION = YES;
				CLANG_WARN_INT_CONVERSION = YES;
				CLANG_WARN_NON_LITERAL_NULL_CONVERSION = YES;
				CLANG_WARN_OBJC_IMPLICIT_RETAIN_SELF = YES;
				CLANG_WARN_OBJC_LITERAL_CONVERSION = YES;
				CLANG_WARN_OBJC_ROOT_CLASS = YES_ERROR;
				CLANG_WARN_QUOTED_INCLUDE_IN_FRAMEWORK_HEADER = YES;
				CLANG_WARN_RANGE_LOOP_ANALYSIS = YES;
				CLANG_WARN_STRICT_PROTOTYPES = YES;
				CLANG_WARN_SUSPICIOUS_MOVE = YES;
				CLANG_WARN_UNGUARDED_AVAILABILITY = YES_AGGRESSIVE;
				CLANG_WARN_UNREACHABLE_CODE = YES;
				CLANG_WARN__DUPLICATE_METHOD_MATCH = YES;
				COPY_PHASE_STRIP = NO;
				DEBUG_INFORMATION_FORMAT = "dwarf-with-dsym";
				ENABLE_NS_ASSERTIONS = NO;
				ENABLE_STRICT_OBJC_MSGSEND = YES;
				GCC_C_LANGUAGE_STANDARD = gnu11;
				GCC_NO_COMMON_BLOCKS = YES;
				GCC_WARN_64_TO_32_BIT_CONVERSION = YES;
				GCC_WARN_ABOUT_RETURN_TYPE = YES_ERROR;
				GCC_WARN_UNDECLARED_SELECTOR = YES;
				GCC_WARN_UNINITIALIZED_AUTOS = YES_AGGRESSIVE;
				GCC_WARN_UNUSED_FUNCTION = YES;
				GCC_WARN_UNUSED_VARIABLE = YES;
				IPHONEOS_DEPLOYMENT_TARGET = 15.0;
				MTL_ENABLE_DEBUG_INFO = NO;
				MTL_FAST_MATH = YES;
				SDKROOT = iphoneos;
				SWIFT_COMPILATION_MODE = wholemodule;
				SWIFT_OPTIMIZATION_LEVEL = "-O";
				VALIDATE_PRODUCT = YES;
			};
			name = Release;
		};
		7523AD41276DC1BC00BFFA2E /* Debug */ = {
			isa = XCBuildConfiguration;
			buildSettings = {
				ASSETCATALOG_COMPILER_APPICON_NAME = AppIcon;
				ASSETCATALOG_COMPILER_GLOBAL_ACCENT_COLOR_NAME = AccentColor;
				CODE_SIGN_STYLE = Automatic;
				CURRENT_PROJECT_VERSION = 1;
				DEVELOPMENT_TEAM = JMX9BV4ZM4;
				GENERATE_INFOPLIST_FILE = YES;
				INFOPLIST_FILE = SheoDayKeychainPres/Info.plist;
				INFOPLIST_KEY_UIApplicationSupportsIndirectInputEvents = YES;
				INFOPLIST_KEY_UILaunchStoryboardName = LaunchScreen;
				INFOPLIST_KEY_UIMainStoryboardFile = Main;
				INFOPLIST_KEY_UISupportedInterfaceOrientations_iPad = "UIInterfaceOrientationPortrait UIInterfaceOrientationPortraitUpsideDown UIInterfaceOrientationLandscapeLeft UIInterfaceOrientationLandscapeRight";
				INFOPLIST_KEY_UISupportedInterfaceOrientations_iPhone = "UIInterfaceOrientationPortrait UIInterfaceOrientationLandscapeLeft UIInterfaceOrientationLandscapeRight";
				LD_RUNPATH_SEARCH_PATHS = (
					"$(inherited)",
					"@executable_path/Frameworks",
				);
				MARKETING_VERSION = 1.0;
				PRODUCT_BUNDLE_IDENTIFIER = weloveswift.ios.SheoDayKeychainPres;
				PRODUCT_NAME = "$(TARGET_NAME)";
				SWIFT_EMIT_LOC_STRINGS = YES;
				SWIFT_VERSION = 5.0;
				TARGETED_DEVICE_FAMILY = "1,2";
			};
			name = Debug;
		};
		7523AD42276DC1BC00BFFA2E /* Release */ = {
			isa = XCBuildConfiguration;
			buildSettings = {
				ASSETCATALOG_COMPILER_APPICON_NAME = AppIcon;
				ASSETCATALOG_COMPILER_GLOBAL_ACCENT_COLOR_NAME = AccentColor;
				CODE_SIGN_STYLE = Automatic;
				CURRENT_PROJECT_VERSION = 1;
				DEVELOPMENT_TEAM = JMX9BV4ZM4;
				GENERATE_INFOPLIST_FILE = YES;
				INFOPLIST_FILE = SheoDayKeychainPres/Info.plist;
				INFOPLIST_KEY_UIApplicationSupportsIndirectInputEvents = YES;
				INFOPLIST_KEY_UILaunchStoryboardName = LaunchScreen;
				INFOPLIST_KEY_UIMainStoryboardFile = Main;
				INFOPLIST_KEY_UISupportedInterfaceOrientations_iPad = "UIInterfaceOrientationPortrait UIInterfaceOrientationPortraitUpsideDown UIInterfaceOrientationLandscapeLeft UIInterfaceOrientationLandscapeRight";
				INFOPLIST_KEY_UISupportedInterfaceOrientations_iPhone = "UIInterfaceOrientationPortrait UIInterfaceOrientationLandscapeLeft UIInterfaceOrientationLandscapeRight";
				LD_RUNPATH_SEARCH_PATHS = (
					"$(inherited)",
					"@executable_path/Frameworks",
				);
				MARKETING_VERSION = 1.0;
				PRODUCT_BUNDLE_IDENTIFIER = weloveswift.ios.SheoDayKeychainPres;
				PRODUCT_NAME = "$(TARGET_NAME)";
				SWIFT_EMIT_LOC_STRINGS = YES;
				SWIFT_VERSION = 5.0;
				TARGETED_DEVICE_FAMILY = "1,2";
			};
			name = Release;
		};
		7523AD44276DC1BC00BFFA2E /* Debug */ = {
			isa = XCBuildConfiguration;
			buildSettings = {
				ALWAYS_EMBED_SWIFT_STANDARD_LIBRARIES = YES;
				BUNDLE_LOADER = "$(TEST_HOST)";
				CODE_SIGN_STYLE = Automatic;
				CURRENT_PROJECT_VERSION = 1;
				DEVELOPMENT_TEAM = JMX9BV4ZM4;
				GENERATE_INFOPLIST_FILE = YES;
				IPHONEOS_DEPLOYMENT_TARGET = 15.0;
				LD_RUNPATH_SEARCH_PATHS = (
					"$(inherited)",
					"@executable_path/Frameworks",
					"@loader_path/Frameworks",
				);
				MARKETING_VERSION = 1.0;
				PRODUCT_BUNDLE_IDENTIFIER = weloveswift.ios.SheoDayKeychainPresTests;
				PRODUCT_NAME = "$(TARGET_NAME)";
				SWIFT_EMIT_LOC_STRINGS = NO;
				SWIFT_VERSION = 5.0;
				TARGETED_DEVICE_FAMILY = "1,2";
				TEST_HOST = "$(BUILT_PRODUCTS_DIR)/SheoDayKeychainPres.app/SheoDayKeychainPres";
			};
			name = Debug;
		};
		7523AD45276DC1BC00BFFA2E /* Release */ = {
			isa = XCBuildConfiguration;
			buildSettings = {
				ALWAYS_EMBED_SWIFT_STANDARD_LIBRARIES = YES;
				BUNDLE_LOADER = "$(TEST_HOST)";
				CODE_SIGN_STYLE = Automatic;
				CURRENT_PROJECT_VERSION = 1;
				DEVELOPMENT_TEAM = JMX9BV4ZM4;
				GENERATE_INFOPLIST_FILE = YES;
				IPHONEOS_DEPLOYMENT_TARGET = 15.0;
				LD_RUNPATH_SEARCH_PATHS = (
					"$(inherited)",
					"@executable_path/Frameworks",
					"@loader_path/Frameworks",
				);
				MARKETING_VERSION = 1.0;
				PRODUCT_BUNDLE_IDENTIFIER = weloveswift.ios.SheoDayKeychainPresTests;
				PRODUCT_NAME = "$(TARGET_NAME)";
				SWIFT_EMIT_LOC_STRINGS = NO;
				SWIFT_VERSION = 5.0;
				TARGETED_DEVICE_FAMILY = "1,2";
				TEST_HOST = "$(BUILT_PRODUCTS_DIR)/SheoDayKeychainPres.app/SheoDayKeychainPres";
			};
			name = Release;
		};
		7523AD47276DC1BC00BFFA2E /* Debug */ = {
			isa = XCBuildConfiguration;
			buildSettings = {
				ALWAYS_EMBED_SWIFT_STANDARD_LIBRARIES = YES;
				CODE_SIGN_STYLE = Automatic;
				CURRENT_PROJECT_VERSION = 1;
				DEVELOPMENT_TEAM = JMX9BV4ZM4;
				GENERATE_INFOPLIST_FILE = YES;
				LD_RUNPATH_SEARCH_PATHS = (
					"$(inherited)",
					"@executable_path/Frameworks",
					"@loader_path/Frameworks",
				);
				MARKETING_VERSION = 1.0;
				PRODUCT_BUNDLE_IDENTIFIER = weloveswift.ios.SheoDayKeychainPresUITests;
				PRODUCT_NAME = "$(TARGET_NAME)";
				SWIFT_EMIT_LOC_STRINGS = NO;
				SWIFT_VERSION = 5.0;
				TARGETED_DEVICE_FAMILY = "1,2";
				TEST_TARGET_NAME = SheoDayKeychainPres;
			};
			name = Debug;
		};
		7523AD48276DC1BC00BFFA2E /* Release */ = {
			isa = XCBuildConfiguration;
			buildSettings = {
				ALWAYS_EMBED_SWIFT_STANDARD_LIBRARIES = YES;
				CODE_SIGN_STYLE = Automatic;
				CURRENT_PROJECT_VERSION = 1;
				DEVELOPMENT_TEAM = JMX9BV4ZM4;
				GENERATE_INFOPLIST_FILE = YES;
				LD_RUNPATH_SEARCH_PATHS = (
					"$(inherited)",
					"@executable_path/Frameworks",
					"@loader_path/Frameworks",
				);
				MARKETING_VERSION = 1.0;
				PRODUCT_BUNDLE_IDENTIFIER = weloveswift.ios.SheoDayKeychainPresUITests;
				PRODUCT_NAME = "$(TARGET_NAME)";
				SWIFT_EMIT_LOC_STRINGS = NO;
				SWIFT_VERSION = 5.0;
				TARGETED_DEVICE_FAMILY = "1,2";
				TEST_TARGET_NAME = SheoDayKeychainPres;
			};
			name = Release;
		};
/* End XCBuildConfiguration section */

/* Begin XCConfigurationList section */
		7523AD0E276DC1B900BFFA2E /* Build configuration list for PBXProject "SheoDayKeychainPres" */ = {
			isa = XCConfigurationList;
			buildConfigurations = (
				7523AD3E276DC1BC00BFFA2E /* Debug */,
				7523AD3F276DC1BC00BFFA2E /* Release */,
			);
			defaultConfigurationIsVisible = 0;
			defaultConfigurationName = Release;
		};
		7523AD40276DC1BC00BFFA2E /* Build configuration list for PBXNativeTarget "SheoDayKeychainPres" */ = {
			isa = XCConfigurationList;
			buildConfigurations = (
				7523AD41276DC1BC00BFFA2E /* Debug */,
				7523AD42276DC1BC00BFFA2E /* Release */,
			);
			defaultConfigurationIsVisible = 0;
			defaultConfigurationName = Release;
		};
		7523AD43276DC1BC00BFFA2E /* Build configuration list for PBXNativeTarget "SheoDayKeychainPresTests" */ = {
			isa = XCConfigurationList;
			buildConfigurations = (
				7523AD44276DC1BC00BFFA2E /* Debug */,
				7523AD45276DC1BC00BFFA2E /* Release */,
			);
			defaultConfigurationIsVisible = 0;
			defaultConfigurationName = Release;
		};
		7523AD46276DC1BC00BFFA2E /* Build configuration list for PBXNativeTarget "SheoDayKeychainPresUITests" */ = {
			isa = XCConfigurationList;
			buildConfigurations = (
				7523AD47276DC1BC00BFFA2E /* Debug */,
				7523AD48276DC1BC00BFFA2E /* Release */,
			);
			defaultConfigurationIsVisible = 0;
			defaultConfigurationName = Release;
		};
/* End XCConfigurationList section */

/* Begin XCVersionGroup section */
		7523AD1F276DC1B900BFFA2E /* SheoDayKeychainPres.xcdatamodeld */ = {
			isa = XCVersionGroup;
			children = (
				7523AD20276DC1B900BFFA2E /* SheoDayKeychainPres.xcdatamodel */,
			);
			currentVersion = 7523AD20276DC1B900BFFA2E /* SheoDayKeychainPres.xcdatamodel */;
			path = SheoDayKeychainPres.xcdatamodeld;
			sourceTree = "<group>";
			versionGroupType = wrapper.xcdatamodel;
		};
/* End XCVersionGroup section */
	};
	rootObject = 7523AD0B276DC1B900BFFA2E /* Project object */;
}
